
Microsoft Visual Studio Solution File, Format Version 12.00
# Visual Studio Version 17
VisualStudioVersion = 17.1.32228.430
MinimumVisualStudioVersion = 10.0.40219.1
Project("{FAE04EC0-301F-11D3-BF4B-00C04F79EFBC}") = "SmartBill", "SmartBill.csproj", "{0675CC97-5902-4EAB-ABA8-FA8350BCC96F}"
EndProject
Global
	GlobalSection(SolutionConfigurationPlatforms) = preSolution
		Debug|Any CPU = Debug|Any CPU
		Release|Any CPU = Release|Any CPU
	EndGlobalSection
	GlobalSection(ProjectConfigurationPlatforms) = postSolution
		{0675CC97-5902-4EAB-ABA8-FA8350BCC96F}.Debug|Any CPU.ActiveCfg = Debug|Any CPU
		{0675CC97-5902-4EAB-ABA8-FA8350BCC96F}.Debug|Any CPU.Build.0 = Debug|Any CPU
		{0675CC97-5902-4EAB-ABA8-FA8350BCC96F}.Release|Any CPU.ActiveCfg = Release|Any CPU
		{0675CC97-5902-4EAB-ABA8-FA8350BCC96F}.Release|Any CPU.Build.0 = Release|Any CPU
	EndGlobalSection
	GlobalSection(SolutionProperties) = preSolution
		HideSolutionNode = FALSE
	EndGlobalSection
	GlobalSection(ExtensibilityGlobals) = postSolution
		SolutionGuid = {D6B5D3D6-4550-439C-964C-F78587AAA4A9}
	EndGlobalSection
EndGlobal
